
Microsoft Visual Studio Solution File, Format Version 12.00
# Visual Studio Version 16
VisualStudioVersion = 16.0.29318.209
MinimumVisualStudioVersion = 10.0.40219.1
Project("{FAE04EC0-301F-11D3-BF4B-00C04F79EFBC}") = "Compression", "Compression.csproj", "{69449F57-BE8E-4E49-8798-AB3A2AF57C90}"
EndProject
Global
	GlobalSection(SolutionConfigurationPlatforms) = preSolution
		Debug|Any CPU = Debug|Any CPU
		Release|Any CPU = Release|Any CPU
	EndGlobalSection
	GlobalSection(ProjectConfigurationPlatforms) = postSolution
		{69449F57-BE8E-4E49-8798-AB3A2AF57C90}.Debug|Any CPU.ActiveCfg = Debug|Any CPU
		{69449F57-BE8E-4E49-8798-AB3A2AF57C90}.Debug|Any CPU.Build.0 = Debug|Any CPU
		{69449F57-BE8E-4E49-8798-AB3A2AF57C90}.Release|Any CPU.ActiveCfg = Release|Any CPU
		{69449F57-BE8E-4E49-8798-AB3A2AF57C90}.Release|Any CPU.Build.0 = Release|Any CPU
	EndGlobalSection
	GlobalSection(SolutionProperties) = preSolution
		HideSolutionNode = FALSE
	EndGlobalSection
	GlobalSection(ExtensibilityGlobals) = postSolution
		SolutionGuid = {B672D12B-08B2-40E4-9060-31670C5B9E05}
	EndGlobalSection
EndGlobal
