
Microsoft Visual Studio Solution File, Format Version 12.00
# Visual Studio 15
VisualStudioVersion = 15.0.27428.1
MinimumVisualStudioVersion = 10.0.40219.1
Project("{FAE04EC0-301F-11D3-BF4B-00C04F79EFBC}") = "WcfService1", "WcfService1\WcfService1.csproj", "{8233A890-D51A-4F38-B893-D92D1D6FFAFA}"
EndProject
Global
	GlobalSection(SolutionConfigurationPlatforms) = preSolution
		Debug|Any CPU = Debug|Any CPU
		Release|Any CPU = Release|Any CPU
	EndGlobalSection
	GlobalSection(ProjectConfigurationPlatforms) = postSolution
		{8233A890-D51A-4F38-B893-D92D1D6FFAFA}.Debug|Any CPU.ActiveCfg = Debug|Any CPU
		{8233A890-D51A-4F38-B893-D92D1D6FFAFA}.Debug|Any CPU.Build.0 = Debug|Any CPU
		{8233A890-D51A-4F38-B893-D92D1D6FFAFA}.Release|Any CPU.ActiveCfg = Release|Any CPU
		{8233A890-D51A-4F38-B893-D92D1D6FFAFA}.Release|Any CPU.Build.0 = Release|Any CPU
	EndGlobalSection
	GlobalSection(SolutionProperties) = preSolution
		HideSolutionNode = FALSE
	EndGlobalSection
	GlobalSection(ExtensibilityGlobals) = postSolution
		SolutionGuid = {696914BB-9859-4AFE-80BD-68BC169C69AF}
	EndGlobalSection
EndGlobal
