
Microsoft Visual Studio Solution File, Format Version 11.00
# Visual Studio 2010
Project("{FAE04EC0-301F-11D3-BF4B-00C04F79EFBC}") = "BasicGUIEvent", "BasicGUIEvent.csproj", "{37764280-05F9-43BC-A7C2-C6D7D106AF1F}"
EndProject
Global
	GlobalSection(SolutionConfigurationPlatforms) = preSolution
		Debug|x86 = Debug|x86
		Release|x86 = Release|x86
	EndGlobalSection
	GlobalSection(ProjectConfigurationPlatforms) = postSolution
		{37764280-05F9-43BC-A7C2-C6D7D106AF1F}.Debug|x86.ActiveCfg = Debug|x86
		{37764280-05F9-43BC-A7C2-C6D7D106AF1F}.Debug|x86.Build.0 = Debug|x86
		{37764280-05F9-43BC-A7C2-C6D7D106AF1F}.Release|x86.ActiveCfg = Release|x86
		{37764280-05F9-43BC-A7C2-C6D7D106AF1F}.Release|x86.Build.0 = Release|x86
	EndGlobalSection
	GlobalSection(SolutionProperties) = preSolution
		HideSolutionNode = FALSE
	EndGlobalSection
EndGlobal
