
Microsoft Visual Studio Solution File, Format Version 11.00
# Visual Studio 2010
Project("{FAE04EC0-301F-11D3-BF4B-00C04F79EFBC}") = "DataTable_SaveTo_And_LoadFrom_File", "DataTable_SaveTo_And_LoadFrom_File.csproj", "{0859DB18-BB0C-44AC-B459-78810CC9BB0F}"
EndProject
Global
	GlobalSection(SolutionConfigurationPlatforms) = preSolution
		Debug|x86 = Debug|x86
		Release|x86 = Release|x86
	EndGlobalSection
	GlobalSection(ProjectConfigurationPlatforms) = postSolution
		{0859DB18-BB0C-44AC-B459-78810CC9BB0F}.Debug|x86.ActiveCfg = Debug|x86
		{0859DB18-BB0C-44AC-B459-78810CC9BB0F}.Debug|x86.Build.0 = Debug|x86
		{0859DB18-BB0C-44AC-B459-78810CC9BB0F}.Release|x86.ActiveCfg = Release|x86
		{0859DB18-BB0C-44AC-B459-78810CC9BB0F}.Release|x86.Build.0 = Release|x86
	EndGlobalSection
	GlobalSection(SolutionProperties) = preSolution
		HideSolutionNode = FALSE
	EndGlobalSection
EndGlobal
