
Microsoft Visual Studio Solution File, Format Version 12.00
# Visual Studio 15
VisualStudioVersion = 15.0.28307.438
MinimumVisualStudioVersion = 10.0.40219.1
Project("{FAE04EC0-301F-11D3-BF4B-00C04F79EFBC}") = "ConsoleApp", "ConsoleApp\ConsoleApp.csproj", "{946B369C-2DB1-4D98-8C3F-E83784CBA634}"
EndProject
Project("{FAE04EC0-301F-11D3-BF4B-00C04F79EFBC}") = "Remote", "Remote\Remote.csproj", "{E3A3CB24-45A1-4955-83FA-E12F9BB5F517}"
EndProject
Project("{FAE04EC0-301F-11D3-BF4B-00C04F79EFBC}") = "WpfApp", "WpfApp\WpfApp.csproj", "{DE0F3BCD-A544-4BC9-8D8B-45DD9A00350D}"
EndProject
Project("{FAE04EC0-301F-11D3-BF4B-00C04F79EFBC}") = "SharedLibrary", "SharedLibrary\SharedLibrary.csproj", "{47AC3803-AF9B-4309-80A5-C2B1BD2E87C2}"
EndProject
Project("{FAE04EC0-301F-11D3-BF4B-00C04F79EFBC}") = "WebApplication", "WebApplication\WebApplication.csproj", "{4885F135-652F-4CA1-B32B-53401135490C}"
EndProject
Global
	GlobalSection(SolutionConfigurationPlatforms) = preSolution
		Debug|Any CPU = Debug|Any CPU
		Release|Any CPU = Release|Any CPU
	EndGlobalSection
	GlobalSection(ProjectConfigurationPlatforms) = postSolution
		{946B369C-2DB1-4D98-8C3F-E83784CBA634}.Debug|Any CPU.ActiveCfg = Debug|Any CPU
		{946B369C-2DB1-4D98-8C3F-E83784CBA634}.Debug|Any CPU.Build.0 = Debug|Any CPU
		{946B369C-2DB1-4D98-8C3F-E83784CBA634}.Release|Any CPU.ActiveCfg = Release|Any CPU
		{946B369C-2DB1-4D98-8C3F-E83784CBA634}.Release|Any CPU.Build.0 = Release|Any CPU
		{E3A3CB24-45A1-4955-83FA-E12F9BB5F517}.Debug|Any CPU.ActiveCfg = Debug|Any CPU
		{E3A3CB24-45A1-4955-83FA-E12F9BB5F517}.Debug|Any CPU.Build.0 = Debug|Any CPU
		{E3A3CB24-45A1-4955-83FA-E12F9BB5F517}.Release|Any CPU.ActiveCfg = Release|Any CPU
		{E3A3CB24-45A1-4955-83FA-E12F9BB5F517}.Release|Any CPU.Build.0 = Release|Any CPU
		{DE0F3BCD-A544-4BC9-8D8B-45DD9A00350D}.Debug|Any CPU.ActiveCfg = Debug|Any CPU
		{DE0F3BCD-A544-4BC9-8D8B-45DD9A00350D}.Debug|Any CPU.Build.0 = Debug|Any CPU
		{DE0F3BCD-A544-4BC9-8D8B-45DD9A00350D}.Release|Any CPU.ActiveCfg = Release|Any CPU
		{DE0F3BCD-A544-4BC9-8D8B-45DD9A00350D}.Release|Any CPU.Build.0 = Release|Any CPU
		{47AC3803-AF9B-4309-80A5-C2B1BD2E87C2}.Debug|Any CPU.ActiveCfg = Debug|Any CPU
		{47AC3803-AF9B-4309-80A5-C2B1BD2E87C2}.Debug|Any CPU.Build.0 = Debug|Any CPU
		{47AC3803-AF9B-4309-80A5-C2B1BD2E87C2}.Release|Any CPU.ActiveCfg = Release|Any CPU
		{47AC3803-AF9B-4309-80A5-C2B1BD2E87C2}.Release|Any CPU.Build.0 = Release|Any CPU
		{4885F135-652F-4CA1-B32B-53401135490C}.Debug|Any CPU.ActiveCfg = Debug|Any CPU
		{4885F135-652F-4CA1-B32B-53401135490C}.Debug|Any CPU.Build.0 = Debug|Any CPU
		{4885F135-652F-4CA1-B32B-53401135490C}.Release|Any CPU.ActiveCfg = Release|Any CPU
		{4885F135-652F-4CA1-B32B-53401135490C}.Release|Any CPU.Build.0 = Release|Any CPU
	EndGlobalSection
	GlobalSection(SolutionProperties) = preSolution
		HideSolutionNode = FALSE
	EndGlobalSection
	GlobalSection(ExtensibilityGlobals) = postSolution
		SolutionGuid = {77575C86-B0B4-4ED5-88D5-544EF112BEDF}
	EndGlobalSection
EndGlobal
