
Microsoft Visual Studio Solution File, Format Version 12.00
# Visual Studio 15
VisualStudioVersion = 15.0.27428.1
MinimumVisualStudioVersion = 10.0.40219.1
Project("{FAE04EC0-301F-11D3-BF4B-00C04F79EFBC}") = "AnonymousType", "AnonymousType.csproj", "{8D239110-A517-454B-8408-1DB6B242A6FA}"
EndProject
Global
	GlobalSection(SolutionConfigurationPlatforms) = preSolution
		Debug|Any CPU = Debug|Any CPU
		Release|Any CPU = Release|Any CPU
	EndGlobalSection
	GlobalSection(ProjectConfigurationPlatforms) = postSolution
		{8D239110-A517-454B-8408-1DB6B242A6FA}.Debug|Any CPU.ActiveCfg = Debug|Any CPU
		{8D239110-A517-454B-8408-1DB6B242A6FA}.Debug|Any CPU.Build.0 = Debug|Any CPU
		{8D239110-A517-454B-8408-1DB6B242A6FA}.Release|Any CPU.ActiveCfg = Release|Any CPU
		{8D239110-A517-454B-8408-1DB6B242A6FA}.Release|Any CPU.Build.0 = Release|Any CPU
	EndGlobalSection
	GlobalSection(SolutionProperties) = preSolution
		HideSolutionNode = FALSE
	EndGlobalSection
	GlobalSection(ExtensibilityGlobals) = postSolution
		SolutionGuid = {48D8363D-8949-4645-B733-4311A5BD49F0}
	EndGlobalSection
EndGlobal
